
Microsoft Visual Studio Solution File, Format Version 12.00
# Visual Studio Version 17
VisualStudioVersion = 17.1.32210.238
MinimumVisualStudioVersion = 10.0.40219.1
Project("{9A19103F-16F7-4668-BE54-9A1E7A4F7556}") = "ToDoList", "ToDoList\ToDoList.csproj", "{CA227B59-782A-4DE9-B76A-C809D6C1E8CE}"
EndProject
Project("{FAE04EC0-301F-11D3-BF4B-00C04F79EFBC}") = "Repositories", "Repositories\Repositories.csproj", "{16D2976E-8ECB-4376-A32E-A488460DB471}"
EndProject
Global
	GlobalSection(SolutionConfigurationPlatforms) = preSolution
		Debug|Any CPU = Debug|Any CPU
		Release|Any CPU = Release|Any CPU
	EndGlobalSection
	GlobalSection(ProjectConfigurationPlatforms) = postSolution
		{CA227B59-782A-4DE9-B76A-C809D6C1E8CE}.Debug|Any CPU.ActiveCfg = Debug|Any CPU
		{CA227B59-782A-4DE9-B76A-C809D6C1E8CE}.Debug|Any CPU.Build.0 = Debug|Any CPU
		{CA227B59-782A-4DE9-B76A-C809D6C1E8CE}.Release|Any CPU.ActiveCfg = Release|Any CPU
		{CA227B59-782A-4DE9-B76A-C809D6C1E8CE}.Release|Any CPU.Build.0 = Release|Any CPU
		{16D2976E-8ECB-4376-A32E-A488460DB471}.Debug|Any CPU.ActiveCfg = Debug|Any CPU
		{16D2976E-8ECB-4376-A32E-A488460DB471}.Debug|Any CPU.Build.0 = Debug|Any CPU
		{16D2976E-8ECB-4376-A32E-A488460DB471}.Release|Any CPU.ActiveCfg = Release|Any CPU
		{16D2976E-8ECB-4376-A32E-A488460DB471}.Release|Any CPU.Build.0 = Release|Any CPU
	EndGlobalSection
	GlobalSection(SolutionProperties) = preSolution
		HideSolutionNode = FALSE
	EndGlobalSection
	GlobalSection(ExtensibilityGlobals) = postSolution
		SolutionGuid = {38475DB5-F554-4C0D-9F69-D29BCDD23F2E}
	EndGlobalSection
EndGlobal
